github.com/kljensen/snowball v0.10.0 h1:8qgaBLraSuUVHtGH5tJ+VdGpqgfcaE2WkswL/C3nVhY=
github.com/kljensen/snowball v0.10.0/go.mod h1:bJcxtur1W5Qw4fVj9tk5W88zyRcGQQjqahFErdcDTHk=
github.com/musaubrian/logr v0.0.0-20250122071434-c888f8ca9ec8 h1:2XmBwemG6olD1fw8m6hcTCoUt15XjgNjBtsuTUoVRZw=
github.com/musaubrian/logr v0.0.0-20250122071434-c888f8ca9ec8/go.mod h1:I7sbpeufXgATP4M21LqTfSYmx9w+awducxmldwzom5E=
